// !$*UTF8*$!
{
	archiveVersion = 1;
	classes = {
	};
	objectVersion = 46;
	objects = {

/* Begin PBXBuildFile section */
		6F1CA52F1BC0860D00658BC0 /* TweetTableViewCell.swift in Sources */ = {isa = PBXBuildFile; fileRef = 6F1CA52E1BC0860D00658BC0 /* TweetTableViewCell.swift */; settings = {ASSET_TAGS = (); }; };
		6F1CA5311BC0BBA400658BC0 /* WordWrappedLabel.swift in Sources */ = {isa = PBXBuildFile; fileRef = 6F1CA5301BC0BBA400658BC0 /* WordWrappedLabel.swift */; settings = {ASSET_TAGS = (); }; };
		6F1CA5331BC0D49700658BC0 /* NewTweetViewController.swift in Sources */ = {isa = PBXBuildFile; fileRef = 6F1CA5321BC0D49700658BC0 /* NewTweetViewController.swift */; settings = {ASSET_TAGS = (); }; };
		6F2AA6CE1BBF3B04005C4769 /* TweetsViewController.swift in Sources */ = {isa = PBXBuildFile; fileRef = 6F2AA6CD1BBF3B04005C4769 /* TweetsViewController.swift */; settings = {ASSET_TAGS = (); }; };
		6F2AA6D21BBF468B005C4769 /* SwiftyJSON.framework in Frameworks */ = {isa = PBXBuildFile; fileRef = 6F2AA6CF1BBF454A005C4769 /* SwiftyJSON.framework */; };
		6F2AA6D31BBF468B005C4769 /* SwiftyJSON.framework in Embed Frameworks */ = {isa = PBXBuildFile; fileRef = 6F2AA6CF1BBF454A005C4769 /* SwiftyJSON.framework */; settings = {ATTRIBUTES = (CodeSignOnCopy, RemoveHeadersOnCopy, ); }; };
		6F2AA6D61BBFAD66005C4769 /* TwitterHomeTimelineParameters.swift in Sources */ = {isa = PBXBuildFile; fileRef = 6F2AA6D51BBFAD66005C4769 /* TwitterHomeTimelineParameters.swift */; settings = {ASSET_TAGS = (); }; };
		6F7C6B231BBB932900B865C0 /* AppDelegate.swift in Sources */ = {isa = PBXBuildFile; fileRef = 6F7C6B221BBB932900B865C0 /* AppDelegate.swift */; };
		6F7C6B2A1BBB932900B865C0 /* Assets.xcassets in Resources */ = {isa = PBXBuildFile; fileRef = 6F7C6B291BBB932900B865C0 /* Assets.xcassets */; };
		6F7C6B3D1BBB95E800B865C0 /* credentials.plist in Resources */ = {isa = PBXBuildFile; fileRef = 6F7C6B3C1BBB95E800B865C0 /* credentials.plist */; settings = {ASSET_TAGS = (); }; };
		6F7C6B3F1BBB968700B865C0 /* LaunchScreen.storyboard in Resources */ = {isa = PBXBuildFile; fileRef = 6F7C6B3E1BBB968700B865C0 /* LaunchScreen.storyboard */; settings = {ASSET_TAGS = (); }; };
		6F7C6B411BBB96CA00B865C0 /* Main.storyboard in Resources */ = {isa = PBXBuildFile; fileRef = 6F7C6B401BBB96CA00B865C0 /* Main.storyboard */; settings = {ASSET_TAGS = (); }; };
		6F7C6B431BBB994C00B865C0 /* Default-568h@2x.png in Resources */ = {isa = PBXBuildFile; fileRef = 6F7C6B421BBB994C00B865C0 /* Default-568h@2x.png */; settings = {ASSET_TAGS = (); }; };
		6F8888631BBBC8D10017377E /* TwitterUser.swift in Sources */ = {isa = PBXBuildFile; fileRef = 6F8888621BBBC8D10017377E /* TwitterUser.swift */; settings = {ASSET_TAGS = (); }; };
		6F8888651BBBC9EA0017377E /* Tweet.swift in Sources */ = {isa = PBXBuildFile; fileRef = 6F8888641BBBC9EA0017377E /* Tweet.swift */; settings = {ASSET_TAGS = (); }; };
		6FD156A31BBB9AAD00AB8A8B /* TwitterClient.swift in Sources */ = {isa = PBXBuildFile; fileRef = 6FD156A21BBB9AAD00AB8A8B /* TwitterClient.swift */; settings = {ASSET_TAGS = (); }; };
		6FD156A51BBB9DCE00AB8A8B /* TwitterLoginViewController.swift in Sources */ = {isa = PBXBuildFile; fileRef = 6FD156A41BBB9DCE00AB8A8B /* TwitterLoginViewController.swift */; settings = {ASSET_TAGS = (); }; };
		81583D5922B768A51D1FC580 /* libPods-Twitter.a in Frameworks */ = {isa = PBXBuildFile; fileRef = BB922F3CAC3D7703855D3E7C /* libPods-Twitter.a */; };
/* End PBXBuildFile section */

/* Begin PBXCopyFilesBuildPhase section */
		6F2AA6D41BBF468B005C4769 /* Embed Frameworks */ = {
			isa = PBXCopyFilesBuildPhase;
			buildActionMask = 2147483647;
			dstPath = "";
			dstSubfolderSpec = 10;
			files = (
				6F2AA6D31BBF468B005C4769 /* SwiftyJSON.framework in Embed Frameworks */,
			);
			name = "Embed Frameworks";
			runOnlyForDeploymentPostprocessing = 0;
		};
/* End PBXCopyFilesBuildPhase section */

/* Begin PBXFileReference section */
		301C8EC6D43CB443268D00FE /* Pods-Twitter.release.xcconfig */ = {isa = PBXFileReference; includeInIndex = 1; lastKnownFileType = text.xcconfig; name = "Pods-Twitter.release.xcconfig"; path = "Pods/Target Support Files/Pods-Twitter/Pods-Twitter.release.xcconfig"; sourceTree = "<group>"; };
		6F1CA52E1BC0860D00658BC0 /* TweetTableViewCell.swift */ = {isa = PBXFileReference; fileEncoding = 4; lastKnownFileType = sourcecode.swift; name = TweetTableViewCell.swift; path = Views/TweetTableViewCell.swift; sourceTree = "<group>"; };
		6F1CA5301BC0BBA400658BC0 /* WordWrappedLabel.swift */ = {isa = PBXFileReference; fileEncoding = 4; lastKnownFileType = sourcecode.swift; name = WordWrappedLabel.swift; path = Views/WordWrappedLabel.swift; sourceTree = "<group>"; };
		6F1CA5321BC0D49700658BC0 /* NewTweetViewController.swift */ = {isa = PBXFileReference; fileEncoding = 4; lastKnownFileType = sourcecode.swift; name = NewTweetViewController.swift; path = ViewControllers/NewTweetViewController.swift; sourceTree = "<group>"; };
		6F2AA6CD1BBF3B04005C4769 /* TweetsViewController.swift */ = {isa = PBXFileReference; fileEncoding = 4; lastKnownFileType = sourcecode.swift; name = TweetsViewController.swift; path = ViewControllers/TweetsViewController.swift; sourceTree = "<group>"; };
		6F2AA6CF1BBF454A005C4769 /* SwiftyJSON.framework */ = {isa = PBXFileReference; lastKnownFileType = wrapper.framework; name = SwiftyJSON.framework; path = "../../Library/Developer/Xcode/DerivedData/Twitter-hdftauabtigwxxgrcalpyrggyggl/Build/Products/Debug-iphoneos/SwiftyJSON.framework"; sourceTree = "<group>"; };
		6F2AA6D51BBFAD66005C4769 /* TwitterHomeTimelineParameters.swift */ = {isa = PBXFileReference; fileEncoding = 4; lastKnownFileType = sourcecode.swift; name = TwitterHomeTimelineParameters.swift; path = Models/TwitterHomeTimelineParameters.swift; sourceTree = "<group>"; };
		6F7C6B1F1BBB932900B865C0 /* Twitter.app */ = {isa = PBXFileReference; explicitFileType = wrapper.application; includeInIndex = 0; path = Twitter.app; sourceTree = BUILT_PRODUCTS_DIR; };
		6F7C6B221BBB932900B865C0 /* AppDelegate.swift */ = {isa = PBXFileReference; lastKnownFileType = sourcecode.swift; name = AppDelegate.swift; path = Application/AppDelegate.swift; sourceTree = "<group>"; };
		6F7C6B291BBB932900B865C0 /* Assets.xcassets */ = {isa = PBXFileReference; lastKnownFileType = folder.assetcatalog; name = Assets.xcassets; path = Application/Assets.xcassets; sourceTree = "<group>"; };
		6F7C6B2E1BBB932900B865C0 /* Info.plist */ = {isa = PBXFileReference; lastKnownFileType = text.plist.xml; name = Info.plist; path = Application/Info.plist; sourceTree = "<group>"; };
		6F7C6B3C1BBB95E800B865C0 /* credentials.plist */ = {isa = PBXFileReference; fileEncoding = 4; lastKnownFileType = text.plist.xml; name = credentials.plist; path = Credentials/credentials.plist; sourceTree = "<group>"; };
		6F7C6B3E1BBB968700B865C0 /* LaunchScreen.storyboard */ = {isa = PBXFileReference; fileEncoding = 4; lastKnownFileType = file.storyboard; name = LaunchScreen.storyboard; path = Application/LaunchScreen.storyboard; sourceTree = "<group>"; };
		6F7C6B401BBB96CA00B865C0 /* Main.storyboard */ = {isa = PBXFileReference; fileEncoding = 4; lastKnownFileType = file.storyboard; name = Main.storyboard; path = ViewControllers/Main.storyboard; sourceTree = "<group>"; };
		6F7C6B421BBB994C00B865C0 /* Default-568h@2x.png */ = {isa = PBXFileReference; lastKnownFileType = image.png; name = "Default-568h@2x.png"; path = "Application/Default-568h@2x.png"; sourceTree = "<group>"; };
		6F8888621BBBC8D10017377E /* TwitterUser.swift */ = {isa = PBXFileReference; fileEncoding = 4; lastKnownFileType = sourcecode.swift; name = TwitterUser.swift; path = Models/TwitterUser.swift; sourceTree = "<group>"; };
		6F8888641BBBC9EA0017377E /* Tweet.swift */ = {isa = PBXFileReference; fileEncoding = 4; lastKnownFileType = sourcecode.swift; name = Tweet.swift; path = Models/Tweet.swift; sourceTree = "<group>"; };
		6FD1569F1BBB9A4C00AB8A8B /* Twitter-Bridging-Header.h */ = {isa = PBXFileReference; lastKnownFileType = sourcecode.c.h; name = "Twitter-Bridging-Header.h"; path = "Application/Twitter-Bridging-Header.h"; sourceTree = "<group>"; };
		6FD156A21BBB9AAD00AB8A8B /* TwitterClient.swift */ = {isa = PBXFileReference; fileEncoding = 4; lastKnownFileType = sourcecode.swift; name = TwitterClient.swift; path = API/TwitterClient.swift; sourceTree = "<group>"; };
		6FD156A41BBB9DCE00AB8A8B /* TwitterLoginViewController.swift */ = {isa = PBXFileReference; fileEncoding = 4; lastKnownFileType = sourcecode.swift; name = TwitterLoginViewController.swift; path = ViewControllers/TwitterLoginViewController.swift; sourceTree = "<group>"; };
		9D14E9C33CBD4820712548C1 /* Pods-Twitter.debug.xcconfig */ = {isa = PBXFileReference; includeInIndex = 1; lastKnownFileType = text.xcconfig; name = "Pods-Twitter.debug.xcconfig"; path = "Pods/Target Support Files/Pods-Twitter/Pods-Twitter.debug.xcconfig"; sourceTree = "<group>"; };
		BB922F3CAC3D7703855D3E7C /* libPods-Twitter.a */ = {isa = PBXFileReference; explicitFileType = archive.ar; includeInIndex = 0; path = "libPods-Twitter.a"; sourceTree = BUILT_PRODUCTS_DIR; };
/* End PBXFileReference section */

/* Begin PBXFrameworksBuildPhase section */
		6F7C6B1C1BBB932800B865C0 /* Frameworks */ = {
			isa = PBXFrameworksBuildPhase;
			buildActionMask = 2147483647;
			files = (
				6F2AA6D21BBF468B005C4769 /* SwiftyJSON.framework in Frameworks */,
				81583D5922B768A51D1FC580 /* libPods-Twitter.a in Frameworks */,
			);
			runOnlyForDeploymentPostprocessing = 0;
		};
/* End PBXFrameworksBuildPhase section */

/* Begin PBXGroup section */
		121F41DE4879F4A58FD1198C /* Frameworks */ = {
			isa = PBXGroup;
			children = (
				6F2AA6CF1BBF454A005C4769 /* SwiftyJSON.framework */,
				BB922F3CAC3D7703855D3E7C /* libPods-Twitter.a */,
			);
			name = Frameworks;
			sourceTree = "<group>";
		};
		6F7C6B161BBB932800B865C0 = {
			isa = PBXGroup;
			children = (
				6F7C6B211BBB932900B865C0 /* Twitter */,
				6F7C6B201BBB932900B865C0 /* Products */,
				A1A7392C6BF10B4A16A3997B /* Pods */,
				121F41DE4879F4A58FD1198C /* Frameworks */,
			);
			sourceTree = "<group>";
		};
		6F7C6B201BBB932900B865C0 /* Products */ = {
			isa = PBXGroup;
			children = (
				6F7C6B1F1BBB932900B865C0 /* Twitter.app */,
			);
			name = Products;
			sourceTree = "<group>";
		};
		6F7C6B211BBB932900B865C0 /* Twitter */ = {
			isa = PBXGroup;
			children = (
				6F7C6B371BBB948E00B865C0 /* Models */,
				6F7C6B3A1BBB94BC00B865C0 /* ViewControllers */,
				6F7C6B3B1BBB94DB00B865C0 /* Views */,
				6F7C6B381BBB949B00B865C0 /* API */,
				6F7C6B391BBB94B000B865C0 /* Application */,
				6F7C6B361BBB947900B865C0 /* Credentials */,
			);
			path = Twitter;
			sourceTree = "<group>";
		};
		6F7C6B361BBB947900B865C0 /* Credentials */ = {
			isa = PBXGroup;
			children = (
				6F7C6B3C1BBB95E800B865C0 /* credentials.plist */,
			);
			name = Credentials;
			sourceTree = "<group>";
		};
		6F7C6B371BBB948E00B865C0 /* Models */ = {
			isa = PBXGroup;
			children = (
				6F8888621BBBC8D10017377E /* TwitterUser.swift */,
				6F8888641BBBC9EA0017377E /* Tweet.swift */,
				6F2AA6D51BBFAD66005C4769 /* TwitterHomeTimelineParameters.swift */,
			);
			name = Models;
			sourceTree = "<group>";
		};
		6F7C6B381BBB949B00B865C0 /* API */ = {
			isa = PBXGroup;
			children = (
				6FD156A21BBB9AAD00AB8A8B /* TwitterClient.swift */,
			);
			name = API;
			sourceTree = "<group>";
		};
		6F7C6B391BBB94B000B865C0 /* Application */ = {
			isa = PBXGroup;
			children = (
				6F7C6B221BBB932900B865C0 /* AppDelegate.swift */,
				6F7C6B3E1BBB968700B865C0 /* LaunchScreen.storyboard */,
				6F7C6B291BBB932900B865C0 /* Assets.xcassets */,
				6F7C6B421BBB994C00B865C0 /* Default-568h@2x.png */,
				6F7C6B2E1BBB932900B865C0 /* Info.plist */,
				6FD1569F1BBB9A4C00AB8A8B /* Twitter-Bridging-Header.h */,
			);
			name = Application;
			sourceTree = "<group>";
		};
		6F7C6B3A1BBB94BC00B865C0 /* ViewControllers */ = {
			isa = PBXGroup;
			children = (
				6F2AA6CD1BBF3B04005C4769 /* TweetsViewController.swift */,
				6FD156A41BBB9DCE00AB8A8B /* TwitterLoginViewController.swift */,
				6F1CA5321BC0D49700658BC0 /* NewTweetViewController.swift */,
				6F7C6B401BBB96CA00B865C0 /* Main.storyboard */,
			);
			name = ViewControllers;
			sourceTree = "<group>";
		};
		6F7C6B3B1BBB94DB00B865C0 /* Views */ = {
			isa = PBXGroup;
			children = (
				6F1CA52E1BC0860D00658BC0 /* TweetTableViewCell.swift */,
				6F1CA5301BC0BBA400658BC0 /* WordWrappedLabel.swift */,
			);
			name = Views;
			sourceTree = "<group>";
		};
		A1A7392C6BF10B4A16A3997B /* Pods */ = {
			isa = PBXGroup;
			children = (
				9D14E9C33CBD4820712548C1 /* Pods-Twitter.debug.xcconfig */,
				301C8EC6D43CB443268D00FE /* Pods-Twitter.release.xcconfig */,
			);
			name = Pods;
			sourceTree = "<group>";
		};
/* End PBXGroup section */

/* Begin PBXNativeTarget section */
		6F7C6B1E1BBB932800B865C0 /* Twitter */ = {
			isa = PBXNativeTarget;
			buildConfigurationList = 6F7C6B311BBB932900B865C0 /* Build configuration list for PBXNativeTarget "Twitter" */;
			buildPhases = (
				01B55C9222C5FA542E2C8201 /* Check Pods Manifest.lock */,
				6F7C6B1B1BBB932800B865C0 /* Sources */,
				6F7C6B1C1BBB932800B865C0 /* Frameworks */,
				6F7C6B1D1BBB932800B865C0 /* Resources */,
				E2E5FB8233121888C70D48AD /* Copy Pods Resources */,
				6F2AA6D41BBF468B005C4769 /* Embed Frameworks */,
			);
			buildRules = (
			);
			dependencies = (
			);
			name = Twitter;
			productName = Twitter;
			productReference = 6F7C6B1F1BBB932900B865C0 /* Twitter.app */;
			productType = "com.apple.product-type.application";
		};
/* End PBXNativeTarget section */

/* Begin PBXProject section */
		6F7C6B171BBB932800B865C0 /* Project object */ = {
			isa = PBXProject;
			attributes = {
				LastSwiftUpdateCheck = 0700;
				LastUpgradeCheck = 0700;
				ORGANIZATIONNAME = "Randy Ting";
				TargetAttributes = {
					6F7C6B1E1BBB932800B865C0 = {
						CreatedOnToolsVersion = 7.0;
					};
				};
			};
			buildConfigurationList = 6F7C6B1A1BBB932800B865C0 /* Build configuration list for PBXProject "Twitter" */;
			compatibilityVersion = "Xcode 3.2";
			developmentRegion = English;
			hasScannedForEncodings = 0;
			knownRegions = (
				en,
				Base,
			);
			mainGroup = 6F7C6B161BBB932800B865C0;
			productRefGroup = 6F7C6B201BBB932900B865C0 /* Products */;
			projectDirPath = "";
			projectRoot = "";
			targets = (
				6F7C6B1E1BBB932800B865C0 /* Twitter */,
			);
		};
/* End PBXProject section */

/* Begin PBXResourcesBuildPhase section */
		6F7C6B1D1BBB932800B865C0 /* Resources */ = {
			isa = PBXResourcesBuildPhase;
			buildActionMask = 2147483647;
			files = (
				6F7C6B3D1BBB95E800B865C0 /* credentials.plist in Resources */,
				6F7C6B3F1BBB968700B865C0 /* LaunchScreen.storyboard in Resources */,
				6F7C6B2A1BBB932900B865C0 /* Assets.xcassets in Resources */,
				6F7C6B431BBB994C00B865C0 /* Default-568h@2x.png in Resources */,
				6F7C6B411BBB96CA00B865C0 /* Main.storyboard in Resources */,
			);
			runOnlyForDeploymentPostprocessing = 0;
		};
/* End PBXResourcesBuildPhase section */

/* Begin PBXShellScriptBuildPhase section */
		01B55C9222C5FA542E2C8201 /* Check Pods Manifest.lock */ = {
			isa = PBXShellScriptBuildPhase;
			buildActionMask = 2147483647;
			files = (
			);
			inputPaths = (
			);
			name = "Check Pods Manifest.lock";
			outputPaths = (
			);
			runOnlyForDeploymentPostprocessing = 0;
			shellPath = /bin/sh;
			shellScript = "diff \"${PODS_ROOT}/../Podfile.lock\" \"${PODS_ROOT}/Manifest.lock\" > /dev/null\nif [[ $? != 0 ]] ; then\n    cat << EOM\nerror: The sandbox is not in sync with the Podfile.lock. Run 'pod install' or update your CocoaPods installation.\nEOM\n    exit 1\nfi\n";
			showEnvVarsInLog = 0;
		};
		E2E5FB8233121888C70D48AD /* Copy Pods Resources */ = {
			isa = PBXShellScriptBuildPhase;
			buildActionMask = 2147483647;
			files = (
			);
			inputPaths = (
			);
			name = "Copy Pods Resources";
			outputPaths = (
			);
			runOnlyForDeploymentPostprocessing = 0;
			shellPath = /bin/sh;
			shellScript = "\"${SRCROOT}/Pods/Target Support Files/Pods-Twitter/Pods-Twitter-resources.sh\"\n";
			showEnvVarsInLog = 0;
		};
/* End PBXShellScriptBuildPhase section */

/* Begin PBXSourcesBuildPhase section */
		6F7C6B1B1BBB932800B865C0 /* Sources */ = {
			isa = PBXSourcesBuildPhase;
			buildActionMask = 2147483647;
			files = (
				6FD156A31BBB9AAD00AB8A8B /* TwitterClient.swift in Sources */,
				6F8888651BBBC9EA0017377E /* Tweet.swift in Sources */,
				6F1CA5311BC0BBA400658BC0 /* WordWrappedLabel.swift in Sources */,
				6F2AA6CE1BBF3B04005C4769 /* TweetsViewController.swift in Sources */,
				6FD156A51BBB9DCE00AB8A8B /* TwitterLoginViewController.swift in Sources */,
				6F8888631BBBC8D10017377E /* TwitterUser.swift in Sources */,
				6F2AA6D61BBFAD66005C4769 /* TwitterHomeTimelineParameters.swift in Sources */,
				6F7C6B231BBB932900B865C0 /* AppDelegate.swift in Sources */,
				6F1CA52F1BC0860D00658BC0 /* TweetTableViewCell.swift in Sources */,
				6F1CA5331BC0D49700658BC0 /* NewTweetViewController.swift in Sources */,
			);
			runOnlyForDeploymentPostprocessing = 0;
		};
/* End PBXSourcesBuildPhase section */

/* Begin XCBuildConfiguration section */
		6F7C6B2F1BBB932900B865C0 /* Debug */ = {
			isa = XCBuildConfiguration;
			buildSettings = {
				ALWAYS_SEARCH_USER_PATHS = NO;
				CLANG_CXX_LANGUAGE_STANDARD = "gnu++0x";
				CLANG_CXX_LIBRARY = "libc++";
				CLANG_ENABLE_MODULES = YES;
				CLANG_ENABLE_OBJC_ARC = YES;
				CLANG_WARN_BOOL_CONVERSION = YES;
				CLANG_WARN_CONSTANT_CONVERSION = YES;
				CLANG_WARN_DIRECT_OBJC_ISA_USAGE = YES_ERROR;
				CLANG_WARN_EMPTY_BODY = YES;
				CLANG_WARN_ENUM_CONVERSION = YES;
				CLANG_WARN_INT_CONVERSION = YES;
				CLANG_WARN_OBJC_ROOT_CLASS = YES_ERROR;
				CLANG_WARN_UNREACHABLE_CODE = YES;
				CLANG_WARN__DUPLICATE_METHOD_MATCH = YES;
				"CODE_SIGN_IDENTITY[sdk=iphoneos*]" = "iPhone Developer";
				COPY_PHASE_STRIP = NO;
				DEBUG_INFORMATION_FORMAT = dwarf;
				ENABLE_STRICT_OBJC_MSGSEND = YES;
				ENABLE_TESTABILITY = YES;
				GCC_C_LANGUAGE_STANDARD = gnu99;
				GCC_DYNAMIC_NO_PIC = NO;
				GCC_NO_COMMON_BLOCKS = YES;
				GCC_OPTIMIZATION_LEVEL = 0;
				GCC_PREPROCESSOR_DEFINITIONS = (
					"DEBUG=1",
					"$(inherited)",
				);
				GCC_WARN_64_TO_32_BIT_CONVERSION = YES;
				GCC_WARN_ABOUT_RETURN_TYPE = YES_ERROR;
				GCC_WARN_UNDECLARED_SELECTOR = YES;
				GCC_WARN_UNINITIALIZED_AUTOS = YES_AGGRESSIVE;
				GCC_WARN_UNUSED_FUNCTION = YES;
				GCC_WARN_UNUSED_VARIABLE = YES;
				IPHONEOS_DEPLOYMENT_TARGET = 9.0;
				MTL_ENABLE_DEBUG_INFO = YES;
				ONLY_ACTIVE_ARCH = YES;
				SDKROOT = iphoneos;
				SWIFT_OPTIMIZATION_LEVEL = "-Onone";
				TARGETED_DEVICE_FAMILY = "1,2";
			};
			name = Debug;
		};
		6F7C6B301BBB932900B865C0 /* Release */ = {
			isa = XCBuildConfiguration;
			buildSettings = {
				ALWAYS_SEARCH_USER_PATHS = NO;
				CLANG_CXX_LANGUAGE_STANDARD = "gnu++0x";
				CLANG_CXX_LIBRARY = "libc++";
				CLANG_ENABLE_MODULES = YES;
				CLANG_ENABLE_OBJC_ARC = YES;
				CLANG_WARN_BOOL_CONVERSION = YES;
				CLANG_WARN_CONSTANT_CONVERSION = YES;
				CLANG_WARN_DIRECT_OBJC_ISA_USAGE = YES_ERROR;
				CLANG_WARN_EMPTY_BODY = YES;
				CLANG_WARN_ENUM_CONVERSION = YES;
				CLANG_WARN_INT_CONVERSION = YES;
				CLANG_WARN_OBJC_ROOT_CLASS = YES_ERROR;
				CLANG_WARN_UNREACHABLE_CODE = YES;
				CLANG_WARN__DUPLICATE_METHOD_MATCH = YES;
				"CODE_SIGN_IDENTITY[sdk=iphoneos*]" = "iPhone Developer";
				COPY_PHASE_STRIP = NO;
				DEBUG_INFORMATION_FORMAT = "dwarf-with-dsym";
				ENABLE_NS_ASSERTIONS = NO;
				ENABLE_STRICT_OBJC_MSGSEND = YES;
				GCC_C_LANGUAGE_STANDARD = gnu99;
				GCC_NO_COMMON_BLOCKS = YES;
				GCC_WARN_64_TO_32_BIT_CONVERSION = YES;
				GCC_WARN_ABOUT_RETURN_TYPE = YES_ERROR;
				GCC_WARN_UNDECLARED_SELECTOR = YES;
				GCC_WARN_UNINITIALIZED_AUTOS = YES_AGGRESSIVE;
				GCC_WARN_UNUSED_FUNCTION = YES;
				GCC_WARN_UNUSED_VARIABLE = YES;
				IPHONEOS_DEPLOYMENT_TARGET = 9.0;
				MTL_ENABLE_DEBUG_INFO = NO;
				SDKROOT = iphoneos;
				TARGETED_DEVICE_FAMILY = "1,2";
				VALIDATE_PRODUCT = YES;
			};
			name = Release;
		};
		6F7C6B321BBB932900B865C0 /* Debug */ = {
			isa = XCBuildConfiguration;
			baseConfigurationReference = 9D14E9C33CBD4820712548C1 /* Pods-Twitter.debug.xcconfig */;
			buildSettings = {
				ASSETCATALOG_COMPILER_APPICON_NAME = AppIcon;
				CLANG_ENABLE_MODULES = YES;
				DEFINES_MODULE = YES;
				INFOPLIST_FILE = Twitter/Application/Info.plist;
				LD_RUNPATH_SEARCH_PATHS = "$(inherited) @executable_path/Frameworks";
				PRODUCT_BUNDLE_IDENTIFIER = com.randy.Twitter;
				PRODUCT_NAME = "$(TARGET_NAME)";
				SWIFT_OBJC_BRIDGING_HEADER = "Twitter/Application/Twitter-Bridging-Header.h";
				SWIFT_OPTIMIZATION_LEVEL = "-Onone";
			};
			name = Debug;
		};
		6F7C6B331BBB932900B865C0 /* Release */ = {
			isa = XCBuildConfiguration;
			baseConfigurationReference = 301C8EC6D43CB443268D00FE /* Pods-Twitter.release.xcconfig */;
			buildSettings = {
				ASSETCATALOG_COMPILER_APPICON_NAME = AppIcon;
				CLANG_ENABLE_MODULES = YES;
				DEFINES_MODULE = YES;
				INFOPLIST_FILE = Twitter/Application/Info.plist;
				LD_RUNPATH_SEARCH_PATHS = "$(inherited) @executable_path/Frameworks";
				PRODUCT_BUNDLE_IDENTIFIER = com.randy.Twitter;
				PRODUCT_NAME = "$(TARGET_NAME)";
				SWIFT_OBJC_BRIDGING_HEADER = "Twitter/Application/Twitter-Bridging-Header.h";
			};
			name = Release;
		};
/* End XCBuildConfiguration section */

/* Begin XCConfigurationList section */
		6F7C6B1A1BBB932800B865C0 /* Build configuration list for PBXProject "Twitter" */ = {
			isa = XCConfigurationList;
			buildConfigurations = (
				6F7C6B2F1BBB932900B865C0 /* Debug */,
				6F7C6B301BBB932900B865C0 /* Release */,
			);
			defaultConfigurationIsVisible = 0;
			defaultConfigurationName = Release;
		};
		6F7C6B311BBB932900B865C0 /* Build configuration list for PBXNativeTarget "Twitter" */ = {
			isa = XCConfigurationList;
			buildConfigurations = (
				6F7C6B321BBB932900B865C0 /* Debug */,
				6F7C6B331BBB932900B865C0 /* Release */,
			);
			defaultConfigurationIsVisible = 0;
			defaultConfigurationName = Release;
		};
/* End XCConfigurationList section */
	};
	rootObject = 6F7C6B171BBB932800B865C0 /* Project object */;
}
